{
  "name": "jsonmvc",
  "version": "0.1.0",
  "dependencies": {
    "fast-json-patch": {
      "version": "1.1.2",
      "from": "fast-json-patch@>=1.1.1 <2.0.0",
      "resolved": "https://registry.npmjs.org/fast-json-patch/-/fast-json-patch-1.1.2.tgz"
    },
    "lodash": {
      "version": "4.17.2",
      "from": "lodash@latest",
      "resolved": "https://registry.npmjs.org/lodash/-/lodash-4.17.2.tgz"
    },
    "rxjs": {
      "version": "5.0.0-rc.4",
      "from": "rxjs@latest",
      "resolved": "https://registry.npmjs.org/rxjs/-/rxjs-5.0.0-rc.4.tgz"
    },
    "symbol-observable": {
      "version": "1.0.4",
      "from": "symbol-observable@>=1.0.1 <2.0.0",
      "resolved": "https://registry.npmjs.org/symbol-observable/-/symbol-observable-1.0.4.tgz"
    },
    "uniq": {
      "version": "1.0.1",
      "from": "uniq@>=1.0.1 <2.0.0",
      "resolved": "https://registry.npmjs.org/uniq/-/uniq-1.0.1.tgz"
    }
  }
}
