{
  "requires": true,
  "lockfileVersion": 1,
  "dependencies": {
    "@most/multicast": {
      "version": "1.2.5",
      "resolved": "https://registry.npmjs.org/@most/multicast/-/multicast-1.2.5.tgz",
      "integrity": "sha1-ulq8mX+aZREJS+wReRT0lZcgqPs=",
      "requires": {
        "@most/prelude": "1.6.2"
      }
    },
    "@most/prelude": {
      "version": "1.6.2",
      "resolved": "https://registry.npmjs.org/@most/prelude/-/prelude-1.6.2.tgz",
      "integrity": "sha1-4CLbCjUi6kWkJ/c5VwuZ9qa0kWI="
    },
    "lodash-es": {
      "version": "4.17.4",
      "resolved": "https://registry.npmjs.org/lodash-es/-/lodash-es-4.17.4.tgz",
      "integrity": "sha1-3MHXVS4VCgZABzupyzHXDwMpUOc="
    },
    "most": {
      "version": "1.6.1",
      "resolved": "https://registry.npmjs.org/most/-/most-1.6.1.tgz",
      "integrity": "sha1-KiRa3Mf4hhewpjFny3a8H8CKnQo=",
      "requires": {
        "@most/multicast": "1.2.5",
        "@most/prelude": "1.6.2",
        "symbol-observable": "1.0.4"
      }
    },
    "symbol-observable": {
      "version": "1.0.4",
      "resolved": "https://registry.npmjs.org/symbol-observable/-/symbol-observable-1.0.4.tgz",
      "integrity": "sha1-Kb9hXUqnEhvdiYsi1LP5vE4qoD0="
    },
    "vue": {
      "version": "2.4.2",
      "resolved": "https://registry.npmjs.org/vue/-/vue-2.4.2.tgz",
      "integrity": "sha512-GB5r+CsrCHIB1PoXt4wgBienjF3WGYOIaTK27tDk96sZxpL5RwRrsi9I3ECwFt8x8qAmxT2xk1vsY2Vpcn9nIw=="
    },
    "zen-observable": {
      "version": "0.5.2",
      "resolved": "https://registry.npmjs.org/zen-observable/-/zen-observable-0.5.2.tgz",
      "integrity": "sha512-Dhp/R0pqSHj3vPs5O1gVd9kZx5Iew2lqVcfJQOBHx3llM/dLea8vl9wSa9FK8wLdSBQJ6mmgKi9+Rk2DRH3i9Q=="
    }
  }
}
