{
  "requires": true,
  "lockfileVersion": 1,
  "dependencies": {
    "framework7": {
      "version": "1.6.4",
      "resolved": "https://registry.npmjs.org/framework7/-/framework7-1.6.4.tgz",
      "integrity": "sha1-m9TYq4/LEMu4gz6LKa8U6MoVrMs="
    },
    "lodash-es": {
      "version": "4.17.4",
      "resolved": "https://registry.npmjs.org/lodash-es/-/lodash-es-4.17.4.tgz",
      "integrity": "sha1-3MHXVS4VCgZABzupyzHXDwMpUOc="
    }
  }
}
