{
	"requires": true,
	"lockfileVersion": 1,
	"dependencies": {
		"lodash-es": {
			"version": "4.17.4",
			"resolved": "https://registry.npmjs.org/lodash-es/-/lodash-es-4.17.4.tgz",
			"integrity": "sha1-3MHXVS4VCgZABzupyzHXDwMpUOc="
		},
		"setimmediate": {
			"version": "1.0.5",
			"resolved": "https://registry.npmjs.org/setimmediate/-/setimmediate-1.0.5.tgz",
			"integrity": "sha1-KQy7Iy4waULX1+qbg3Mqt4VvgoU="
		},
		"uniq": {
			"version": "1.0.1",
			"resolved": "https://registry.npmjs.org/uniq/-/uniq-1.0.1.tgz",
			"integrity": "sha1-sxxa6CVIRKOoKBVBzisEuGWnNP8="
		}
	}
}
