{
  "requires": true,
  "lockfileVersion": 1,
  "dependencies": {
    "@fdaciuk/ajax": {
      "version": "2.3.0",
      "resolved": "https://registry.npmjs.org/@fdaciuk/ajax/-/ajax-2.3.0.tgz",
      "integrity": "sha512-BjClAUZEkxUUuvbzt+rjVPvGa7ubgmWF1CsYrGkHIz0bYIlkLc9gKxu+h1AgNbq/U/5HcbbnOiOMgeNPbwBrpA=="
    }
  }
}
